
Microsoft Visual Studio Solution File, Format Version 12.00
Project("{FAE04EC0-301F-11D3-BF4B-00C04F79EFBC}") = "Contato.Cadastrar.Web", "Contato.Cadastrar.Web\Contato.Cadastrar.Web.csproj", "{52FF01F9-DA74-4ECB-9071-CD272752172F}"
EndProject
Project("{FAE04EC0-301F-11D3-BF4B-00C04F79EFBC}") = "Contato.Cadastrar.Domain", "Contato.Cadastrar.Domain\Contato.Cadastrar.Domain.csproj", "{8A373741-742B-487E-8A3F-89B0ED5CCD8B}"
EndProject
Project("{FAE04EC0-301F-11D3-BF4B-00C04F79EFBC}") = "Contato.Cadastrar.Infra", "Contato.Cadastrar.Infra\Contato.Cadastrar.Infra.csproj", "{B3BA766B-9110-403D-8997-EF7159F4CE3F}"
EndProject
Project("{FAE04EC0-301F-11D3-BF4B-00C04F79EFBC}") = "Contato.Cadastrar.Application", "Contato.Cadastrar.Application\Contato.Cadastrar.Application.csproj", "{6437F756-18BC-4621-BBF5-711CCE67E3EC}"
EndProject
Global
	GlobalSection(SolutionConfigurationPlatforms) = preSolution
		Debug|Any CPU = Debug|Any CPU
		Release|Any CPU = Release|Any CPU
	EndGlobalSection
	GlobalSection(ProjectConfigurationPlatforms) = postSolution
		{52FF01F9-DA74-4ECB-9071-CD272752172F}.Debug|Any CPU.ActiveCfg = Debug|Any CPU
		{52FF01F9-DA74-4ECB-9071-CD272752172F}.Debug|Any CPU.Build.0 = Debug|Any CPU
		{52FF01F9-DA74-4ECB-9071-CD272752172F}.Release|Any CPU.ActiveCfg = Release|Any CPU
		{52FF01F9-DA74-4ECB-9071-CD272752172F}.Release|Any CPU.Build.0 = Release|Any CPU
		{8A373741-742B-487E-8A3F-89B0ED5CCD8B}.Debug|Any CPU.ActiveCfg = Debug|Any CPU
		{8A373741-742B-487E-8A3F-89B0ED5CCD8B}.Debug|Any CPU.Build.0 = Debug|Any CPU
		{8A373741-742B-487E-8A3F-89B0ED5CCD8B}.Release|Any CPU.ActiveCfg = Release|Any CPU
		{8A373741-742B-487E-8A3F-89B0ED5CCD8B}.Release|Any CPU.Build.0 = Release|Any CPU
		{B3BA766B-9110-403D-8997-EF7159F4CE3F}.Debug|Any CPU.ActiveCfg = Debug|Any CPU
		{B3BA766B-9110-403D-8997-EF7159F4CE3F}.Debug|Any CPU.Build.0 = Debug|Any CPU
		{B3BA766B-9110-403D-8997-EF7159F4CE3F}.Release|Any CPU.ActiveCfg = Release|Any CPU
		{B3BA766B-9110-403D-8997-EF7159F4CE3F}.Release|Any CPU.Build.0 = Release|Any CPU
		{6437F756-18BC-4621-BBF5-711CCE67E3EC}.Debug|Any CPU.ActiveCfg = Debug|Any CPU
		{6437F756-18BC-4621-BBF5-711CCE67E3EC}.Debug|Any CPU.Build.0 = Debug|Any CPU
		{6437F756-18BC-4621-BBF5-711CCE67E3EC}.Release|Any CPU.ActiveCfg = Release|Any CPU
		{6437F756-18BC-4621-BBF5-711CCE67E3EC}.Release|Any CPU.Build.0 = Release|Any CPU
	EndGlobalSection
EndGlobal
